// !$*UTF8*$!
{
	archiveVersion = 1;
	classes = {
	};
	objectVersion = 46;
	objects = {

/* Begin PBXBuildFile section */
		39B25C2F1ED1A8E400C64E92 /* AppDelegate.swift in Sources */ = {isa = PBXBuildFile; fileRef = 39B25C2E1ED1A8E400C64E92 /* AppDelegate.swift */; };
		39B25C311ED1A8E400C64E92 /* ViewController.swift in Sources */ = {isa = PBXBuildFile; fileRef = 39B25C301ED1A8E400C64E92 /* ViewController.swift */; };
		39B25C341ED1A8E400C64E92 /* Main.storyboard in Resources */ = {isa = PBXBuildFile; fileRef = 39B25C321ED1A8E400C64E92 /* Main.storyboard */; };
		39B25C361ED1A8E400C64E92 /* Assets.xcassets in Resources */ = {isa = PBXBuildFile; fileRef = 39B25C351ED1A8E400C64E92 /* Assets.xcassets */; };
		39B25C391ED1A8E400C64E92 /* LaunchScreen.storyboard in Resources */ = {isa = PBXBuildFile; fileRef = 39B25C371ED1A8E400C64E92 /* LaunchScreen.storyboard */; };
		39B25C441ED1A8E500C64E92 /* miraclepillsDemoTests.swift in Sources */ = {isa = PBXBuildFile; fileRef = 39B25C431ED1A8E500C64E92 /* miraclepillsDemoTests.swift */; };
		39B25C4F1ED1A8E500C64E92 /* miraclepillsDemoUITests.swift in Sources */ = {isa = PBXBuildFile; fileRef = 39B25C4E1ED1A8E500C64E92 /* miraclepillsDemoUITests.swift */; };
/* End PBXBuildFile section */

/* Begin PBXContainerItemProxy section */
		39B25C401ED1A8E500C64E92 /* PBXContainerItemProxy */ = {
			isa = PBXContainerItemProxy;
			containerPortal = 39B25C231ED1A8E400C64E92 /* Project object */;
			proxyType = 1;
			remoteGlobalIDString = 39B25C2A1ED1A8E400C64E92;
			remoteInfo = miraclepillsDemo;
		};
		39B25C4B1ED1A8E500C64E92 /* PBXContainerItemProxy */ = {
			isa = PBXContainerItemProxy;
			containerPortal = 39B25C231ED1A8E400C64E92 /* Project object */;
			proxyType = 1;
			remoteGlobalIDString = 39B25C2A1ED1A8E400C64E92;
			remoteInfo = miraclepillsDemo;
		};
/* End PBXContainerItemProxy section */

/* Begin PBXFileReference section */
		39B25C2B1ED1A8E400C64E92 /* miraclepillsDemo.app */ = {isa = PBXFileReference; explicitFileType = wrapper.application; includeInIndex = 0; path = miraclepillsDemo.app; sourceTree = BUILT_PRODUCTS_DIR; };
		39B25C2E1ED1A8E400C64E92 /* AppDelegate.swift */ = {isa = PBXFileReference; lastKnownFileType = sourcecode.swift; path = AppDelegate.swift; sourceTree = "<group>"; };
		39B25C301ED1A8E400C64E92 /* ViewController.swift */ = {isa = PBXFileReference; lastKnownFileType = sourcecode.swift; path = ViewController.swift; sourceTree = "<group>"; };
		39B25C331ED1A8E400C64E92 /* Base */ = {isa = PBXFileReference; lastKnownFileType = file.storyboard; name = Base; path = Base.lproj/Main.storyboard; sourceTree = "<group>"; };
		39B25C351ED1A8E400C64E92 /* Assets.xcassets */ = {isa = PBXFileReference; lastKnownFileType = folder.assetcatalog; path = Assets.xcassets; sourceTree = "<group>"; };
		39B25C381ED1A8E400C64E92 /* Base */ = {isa = PBXFileReference; lastKnownFileType = file.storyboard; name = Base; path = Base.lproj/LaunchScreen.storyboard; sourceTree = "<group>"; };
		39B25C3A1ED1A8E400C64E92 /* Info.plist */ = {isa = PBXFileReference; lastKnownFileType = text.plist.xml; path = Info.plist; sourceTree = "<group>"; };
		39B25C3F1ED1A8E500C64E92 /* miraclepillsDemoTests.xctest */ = {isa = PBXFileReference; explicitFileType = wrapper.cfbundle; includeInIndex = 0; path = miraclepillsDemoTests.xctest; sourceTree = BUILT_PRODUCTS_DIR; };
		39B25C431ED1A8E500C64E92 /* miraclepillsDemoTests.swift */ = {isa = PBXFileReference; lastKnownFileType = sourcecode.swift; path = miraclepillsDemoTests.swift; sourceTree = "<group>"; };
		39B25C451ED1A8E500C64E92 /* Info.plist */ = {isa = PBXFileReference; lastKnownFileType = text.plist.xml; path = Info.plist; sourceTree = "<group>"; };
		39B25C4A1ED1A8E500C64E92 /* miraclepillsDemoUITests.xctest */ = {isa = PBXFileReference; explicitFileType = wrapper.cfbundle; includeInIndex = 0; path = miraclepillsDemoUITests.xctest; sourceTree = BUILT_PRODUCTS_DIR; };
		39B25C4E1ED1A8E500C64E92 /* miraclepillsDemoUITests.swift */ = {isa = PBXFileReference; lastKnownFileType = sourcecode.swift; path = miraclepillsDemoUITests.swift; sourceTree = "<group>"; };
		39B25C501ED1A8E500C64E92 /* Info.plist */ = {isa = PBXFileReference; lastKnownFileType = text.plist.xml; path = Info.plist; sourceTree = "<group>"; };
/* End PBXFileReference section */

/* Begin PBXFrameworksBuildPhase section */
		39B25C281ED1A8E400C64E92 /* Frameworks */ = {
			isa = PBXFrameworksBuildPhase;
			buildActionMask = 2147483647;
			files = (
			);
			runOnlyForDeploymentPostprocessing = 0;
		};
		39B25C3C1ED1A8E500C64E92 /* Frameworks */ = {
			isa = PBXFrameworksBuildPhase;
			buildActionMask = 2147483647;
			files = (
			);
			runOnlyForDeploymentPostprocessing = 0;
		};
		39B25C471ED1A8E500C64E92 /* Frameworks */ = {
			isa = PBXFrameworksBuildPhase;
			buildActionMask = 2147483647;
			files = (
			);
			runOnlyForDeploymentPostprocessing = 0;
		};
/* End PBXFrameworksBuildPhase section */

/* Begin PBXGroup section */
		39B25C221ED1A8E400C64E92 = {
			isa = PBXGroup;
			children = (
				39B25C2D1ED1A8E400C64E92 /* miraclepillsDemo */,
				39B25C421ED1A8E500C64E92 /* miraclepillsDemoTests */,
				39B25C4D1ED1A8E500C64E92 /* miraclepillsDemoUITests */,
				39B25C2C1ED1A8E400C64E92 /* Products */,
			);
			sourceTree = "<group>";
		};
		39B25C2C1ED1A8E400C64E92 /* Products */ = {
			isa = PBXGroup;
			children = (
				39B25C2B1ED1A8E400C64E92 /* miraclepillsDemo.app */,
				39B25C3F1ED1A8E500C64E92 /* miraclepillsDemoTests.xctest */,
				39B25C4A1ED1A8E500C64E92 /* miraclepillsDemoUITests.xctest */,
			);
			name = Products;
			sourceTree = "<group>";
		};
		39B25C2D1ED1A8E400C64E92 /* miraclepillsDemo */ = {
			isa = PBXGroup;
			children = (
				39B25C2E1ED1A8E400C64E92 /* AppDelegate.swift */,
				39B25C301ED1A8E400C64E92 /* ViewController.swift */,
				39B25C321ED1A8E400C64E92 /* Main.storyboard */,
				39B25C351ED1A8E400C64E92 /* Assets.xcassets */,
				39B25C371ED1A8E400C64E92 /* LaunchScreen.storyboard */,
				39B25C3A1ED1A8E400C64E92 /* Info.plist */,
			);
			path = miraclepillsDemo;
			sourceTree = "<group>";
		};
		39B25C421ED1A8E500C64E92 /* miraclepillsDemoTests */ = {
			isa = PBXGroup;
			children = (
				39B25C431ED1A8E500C64E92 /* miraclepillsDemoTests.swift */,
				39B25C451ED1A8E500C64E92 /* Info.plist */,
			);
			path = miraclepillsDemoTests;
			sourceTree = "<group>";
		};
		39B25C4D1ED1A8E500C64E92 /* miraclepillsDemoUITests */ = {
			isa = PBXGroup;
			children = (
				39B25C4E1ED1A8E500C64E92 /* miraclepillsDemoUITests.swift */,
				39B25C501ED1A8E500C64E92 /* Info.plist */,
			);
			path = miraclepillsDemoUITests;
			sourceTree = "<group>";
		};
/* End PBXGroup section */

/* Begin PBXNativeTarget section */
		39B25C2A1ED1A8E400C64E92 /* miraclepillsDemo */ = {
			isa = PBXNativeTarget;
			buildConfigurationList = 39B25C531ED1A8E500C64E92 /* Build configuration list for PBXNativeTarget "miraclepillsDemo" */;
			buildPhases = (
				39B25C271ED1A8E400C64E92 /* Sources */,
				39B25C281ED1A8E400C64E92 /* Frameworks */,
				39B25C291ED1A8E400C64E92 /* Resources */,
			);
			buildRules = (
			);
			dependencies = (
			);
			name = miraclepillsDemo;
			productName = miraclepillsDemo;
			productReference = 39B25C2B1ED1A8E400C64E92 /* miraclepillsDemo.app */;
			productType = "com.apple.product-type.application";
		};
		39B25C3E1ED1A8E500C64E92 /* miraclepillsDemoTests */ = {
			isa = PBXNativeTarget;
			buildConfigurationList = 39B25C561ED1A8E500C64E92 /* Build configuration list for PBXNativeTarget "miraclepillsDemoTests" */;
			buildPhases = (
				39B25C3B1ED1A8E500C64E92 /* Sources */,
				39B25C3C1ED1A8E500C64E92 /* Frameworks */,
				39B25C3D1ED1A8E500C64E92 /* Resources */,
			);
			buildRules = (
			);
			dependencies = (
				39B25C411ED1A8E500C64E92 /* PBXTargetDependency */,
			);
			name = miraclepillsDemoTests;
			productName = miraclepillsDemoTests;
			productReference = 39B25C3F1ED1A8E500C64E92 /* miraclepillsDemoTests.xctest */;
			productType = "com.apple.product-type.bundle.unit-test";
		};
		39B25C491ED1A8E500C64E92 /* miraclepillsDemoUITests */ = {
			isa = PBXNativeTarget;
			buildConfigurationList = 39B25C591ED1A8E500C64E92 /* Build configuration list for PBXNativeTarget "miraclepillsDemoUITests" */;
			buildPhases = (
				39B25C461ED1A8E500C64E92 /* Sources */,
				39B25C471ED1A8E500C64E92 /* Frameworks */,
				39B25C481ED1A8E500C64E92 /* Resources */,
			);
			buildRules = (
			);
			dependencies = (
				39B25C4C1ED1A8E500C64E92 /* PBXTargetDependency */,
			);
			name = miraclepillsDemoUITests;
			productName = miraclepillsDemoUITests;
			productReference = 39B25C4A1ED1A8E500C64E92 /* miraclepillsDemoUITests.xctest */;
			productType = "com.apple.product-type.bundle.ui-testing";
		};
/* End PBXNativeTarget section */

/* Begin PBXProject section */
		39B25C231ED1A8E400C64E92 /* Project object */ = {
			isa = PBXProject;
			attributes = {
				LastSwiftUpdateCheck = 0830;
				LastUpgradeCheck = 0830;
				ORGANIZATIONNAME = "Ahmed Samir AbdElMaaboud";
				TargetAttributes = {
					39B25C2A1ED1A8E400C64E92 = {
						CreatedOnToolsVersion = 8.3.2;
						ProvisioningStyle = Automatic;
					};
					39B25C3E1ED1A8E500C64E92 = {
						CreatedOnToolsVersion = 8.3.2;
						ProvisioningStyle = Automatic;
						TestTargetID = 39B25C2A1ED1A8E400C64E92;
					};
					39B25C491ED1A8E500C64E92 = {
						CreatedOnToolsVersion = 8.3.2;
						ProvisioningStyle = Automatic;
						TestTargetID = 39B25C2A1ED1A8E400C64E92;
					};
				};
			};
			buildConfigurationList = 39B25C261ED1A8E400C64E92 /* Build configuration list for PBXProject "miraclepillsDemo" */;
			compatibilityVersion = "Xcode 3.2";
			developmentRegion = English;
			hasScannedForEncodings = 0;
			knownRegions = (
				en,
				Base,
			);
			mainGroup = 39B25C221ED1A8E400C64E92;
			productRefGroup = 39B25C2C1ED1A8E400C64E92 /* Products */;
			projectDirPath = "";
			projectRoot = "";
			targets = (
				39B25C2A1ED1A8E400C64E92 /* miraclepillsDemo */,
				39B25C3E1ED1A8E500C64E92 /* miraclepillsDemoTests */,
				39B25C491ED1A8E500C64E92 /* miraclepillsDemoUITests */,
			);
		};
/* End PBXProject section */

/* Begin PBXResourcesBuildPhase section */
		39B25C291ED1A8E400C64E92 /* Resources */ = {
			isa = PBXResourcesBuildPhase;
			buildActionMask = 2147483647;
			files = (
				39B25C391ED1A8E400C64E92 /* LaunchScreen.storyboard in Resources */,
				39B25C361ED1A8E400C64E92 /* Assets.xcassets in Resources */,
				39B25C341ED1A8E400C64E92 /* Main.storyboard in Resources */,
			);
			runOnlyForDeploymentPostprocessing = 0;
		};
		39B25C3D1ED1A8E500C64E92 /* Resources */ = {
			isa = PBXResourcesBuildPhase;
			buildActionMask = 2147483647;
			files = (
			);
			runOnlyForDeploymentPostprocessing = 0;
		};
		39B25C481ED1A8E500C64E92 /* Resources */ = {
			isa = PBXResourcesBuildPhase;
			buildActionMask = 2147483647;
			files = (
			);
			runOnlyForDeploymentPostprocessing = 0;
		};
/* End PBXResourcesBuildPhase section */

/* Begin PBXSourcesBuildPhase section */
		39B25C271ED1A8E400C64E92 /* Sources */ = {
			isa = PBXSourcesBuildPhase;
			buildActionMask = 2147483647;
			files = (
				39B25C311ED1A8E400C64E92 /* ViewController.swift in Sources */,
				39B25C2F1ED1A8E400C64E92 /* AppDelegate.swift in Sources */,
			);
			runOnlyForDeploymentPostprocessing = 0;
		};
		39B25C3B1ED1A8E500C64E92 /* Sources */ = {
			isa = PBXSourcesBuildPhase;
			buildActionMask = 2147483647;
			files = (
				39B25C441ED1A8E500C64E92 /* miraclepillsDemoTests.swift in Sources */,
			);
			runOnlyForDeploymentPostprocessing = 0;
		};
		39B25C461ED1A8E500C64E92 /* Sources */ = {
			isa = PBXSourcesBuildPhase;
			buildActionMask = 2147483647;
			files = (
				39B25C4F1ED1A8E500C64E92 /* miraclepillsDemoUITests.swift in Sources */,
			);
			runOnlyForDeploymentPostprocessing = 0;
		};
/* End PBXSourcesBuildPhase section */

/* Begin PBXTargetDependency section */
		39B25C411ED1A8E500C64E92 /* PBXTargetDependency */ = {
			isa = PBXTargetDependency;
			target = 39B25C2A1ED1A8E400C64E92 /* miraclepillsDemo */;
			targetProxy = 39B25C401ED1A8E500C64E92 /* PBXContainerItemProxy */;
		};
		39B25C4C1ED1A8E500C64E92 /* PBXTargetDependency */ = {
			isa = PBXTargetDependency;
			target = 39B25C2A1ED1A8E400C64E92 /* miraclepillsDemo */;
			targetProxy = 39B25C4B1ED1A8E500C64E92 /* PBXContainerItemProxy */;
		};
/* End PBXTargetDependency section */

/* Begin PBXVariantGroup section */
		39B25C321ED1A8E400C64E92 /* Main.storyboard */ = {
			isa = PBXVariantGroup;
			children = (
				39B25C331ED1A8E400C64E92 /* Base */,
			);
			name = Main.storyboard;
			sourceTree = "<group>";
		};
		39B25C371ED1A8E400C64E92 /* LaunchScreen.storyboard */ = {
			isa = PBXVariantGroup;
			children = (
				39B25C381ED1A8E400C64E92 /* Base */,
			);
			name = LaunchScreen.storyboard;
			sourceTree = "<group>";
		};
/* End PBXVariantGroup section */

/* Begin XCBuildConfiguration section */
		39B25C511ED1A8E500C64E92 /* Debug */ = {
			isa = XCBuildConfiguration;
			buildSettings = {
				ALWAYS_SEARCH_USER_PATHS = NO;
				CLANG_ANALYZER_NONNULL = YES;
				CLANG_ANALYZER_NUMBER_OBJECT_CONVERSION = YES_AGGRESSIVE;
				CLANG_CXX_LANGUAGE_STANDARD = "gnu++0x";
				CLANG_CXX_LIBRARY = "libc++";
				CLANG_ENABLE_MODULES = YES;
				CLANG_ENABLE_OBJC_ARC = YES;
				CLANG_WARN_BOOL_CONVERSION = YES;
				CLANG_WARN_CONSTANT_CONVERSION = YES;
				CLANG_WARN_DIRECT_OBJC_ISA_USAGE = YES_ERROR;
				CLANG_WARN_DOCUMENTATION_COMMENTS = YES;
				CLANG_WARN_EMPTY_BODY = YES;
				CLANG_WARN_ENUM_CONVERSION = YES;
				CLANG_WARN_INFINITE_RECURSION = YES;
				CLANG_WARN_INT_CONVERSION = YES;
				CLANG_WARN_OBJC_ROOT_CLASS = YES_ERROR;
				CLANG_WARN_SUSPICIOUS_MOVE = YES;
				CLANG_WARN_UNREACHABLE_CODE = YES;
				CLANG_WARN__DUPLICATE_METHOD_MATCH = YES;
				"CODE_SIGN_IDENTITY[sdk=iphoneos*]" = "iPhone Developer";
				COPY_PHASE_STRIP = NO;
				DEBUG_INFORMATION_FORMAT = dwarf;
				ENABLE_STRICT_OBJC_MSGSEND = YES;
				ENABLE_TESTABILITY = YES;
				GCC_C_LANGUAGE_STANDARD = gnu99;
				GCC_DYNAMIC_NO_PIC = NO;
				GCC_NO_COMMON_BLOCKS = YES;
				GCC_OPTIMIZATION_LEVEL = 0;
				GCC_PREPROCESSOR_DEFINITIONS = (
					"DEBUG=1",
					"$(inherited)",
				);
				GCC_WARN_64_TO_32_BIT_CONVERSION = YES;
				GCC_WARN_ABOUT_RETURN_TYPE = YES_ERROR;
				GCC_WARN_UNDECLARED_SELECTOR = YES;
				GCC_WARN_UNINITIALIZED_AUTOS = YES_AGGRESSIVE;
				GCC_WARN_UNUSED_FUNCTION = YES;
				GCC_WARN_UNUSED_VARIABLE = YES;
				IPHONEOS_DEPLOYMENT_TARGET = 10.3;
				MTL_ENABLE_DEBUG_INFO = YES;
				ONLY_ACTIVE_ARCH = YES;
				SDKROOT = iphoneos;
				SWIFT_ACTIVE_COMPILATION_CONDITIONS = DEBUG;
				SWIFT_OPTIMIZATION_LEVEL = "-Onone";
				TARGETED_DEVICE_FAMILY = "1,2";
			};
			name = Debug;
		};
		39B25C521ED1A8E500C64E92 /* Release */ = {
			isa = XCBuildConfiguration;
			buildSettings = {
				ALWAYS_SEARCH_USER_PATHS = NO;
				CLANG_ANALYZER_NONNULL = YES;
				CLANG_ANALYZER_NUMBER_OBJECT_CONVERSION = YES_AGGRESSIVE;
				CLANG_CXX_LANGUAGE_STANDARD = "gnu++0x";
				CLANG_CXX_LIBRARY = "libc++";
				CLANG_ENABLE_MODULES = YES;
				CLANG_ENABLE_OBJC_ARC = YES;
				CLANG_WARN_BOOL_CONVERSION = YES;
				CLANG_WARN_CONSTANT_CONVERSION = YES;
				CLANG_WARN_DIRECT_OBJC_ISA_USAGE = YES_ERROR;
				CLANG_WARN_DOCUMENTATION_COMMENTS = YES;
				CLANG_WARN_EMPTY_BODY = YES;
				CLANG_WARN_ENUM_CONVERSION = YES;
				CLANG_WARN_INFINITE_RECURSION = YES;
				CLANG_WARN_INT_CONVERSION = YES;
				CLANG_WARN_OBJC_ROOT_CLASS = YES_ERROR;
				CLANG_WARN_SUSPICIOUS_MOVE = YES;
				CLANG_WARN_UNREACHABLE_CODE = YES;
				CLANG_WARN__DUPLICATE_METHOD_MATCH = YES;
				"CODE_SIGN_IDENTITY[sdk=iphoneos*]" = "iPhone Developer";
				COPY_PHASE_STRIP = NO;
				DEBUG_INFORMATION_FORMAT = "dwarf-with-dsym";
				ENABLE_NS_ASSERTIONS = NO;
				ENABLE_STRICT_OBJC_MSGSEND = YES;
				GCC_C_LANGUAGE_STANDARD = gnu99;
				GCC_NO_COMMON_BLOCKS = YES;
				GCC_WARN_64_TO_32_BIT_CONVERSION = YES;
				GCC_WARN_ABOUT_RETURN_TYPE = YES_ERROR;
				GCC_WARN_UNDECLARED_SELECTOR = YES;
				GCC_WARN_UNINITIALIZED_AUTOS = YES_AGGRESSIVE;
				GCC_WARN_UNUSED_FUNCTION = YES;
				GCC_WARN_UNUSED_VARIABLE = YES;
				IPHONEOS_DEPLOYMENT_TARGET = 10.3;
				MTL_ENABLE_DEBUG_INFO = NO;
				SDKROOT = iphoneos;
				SWIFT_OPTIMIZATION_LEVEL = "-Owholemodule";
				TARGETED_DEVICE_FAMILY = "1,2";
				VALIDATE_PRODUCT = YES;
			};
			name = Release;
		};
		39B25C541ED1A8E500C64E92 /* Debug */ = {
			isa = XCBuildConfiguration;
			buildSettings = {
				ASSETCATALOG_COMPILER_APPICON_NAME = AppIcon;
				INFOPLIST_FILE = miraclepillsDemo/Info.plist;
				LD_RUNPATH_SEARCH_PATHS = "$(inherited) @executable_path/Frameworks";
				PRODUCT_BUNDLE_IDENTIFIER = com.samir.miraclepillsDemo;
				PRODUCT_NAME = "$(TARGET_NAME)";
				SWIFT_VERSION = 3.0;
			};
			name = Debug;
		};
		39B25C551ED1A8E500C64E92 /* Release */ = {
			isa = XCBuildConfiguration;
			buildSettings = {
				ASSETCATALOG_COMPILER_APPICON_NAME = AppIcon;
				INFOPLIST_FILE = miraclepillsDemo/Info.plist;
				LD_RUNPATH_SEARCH_PATHS = "$(inherited) @executable_path/Frameworks";
				PRODUCT_BUNDLE_IDENTIFIER = com.samir.miraclepillsDemo;
				PRODUCT_NAME = "$(TARGET_NAME)";
				SWIFT_VERSION = 3.0;
			};
			name = Release;
		};
		39B25C571ED1A8E500C64E92 /* Debug */ = {
			isa = XCBuildConfiguration;
			buildSettings = {
				ALWAYS_EMBED_SWIFT_STANDARD_LIBRARIES = YES;
				BUNDLE_LOADER = "$(TEST_HOST)";
				INFOPLIST_FILE = miraclepillsDemoTests/Info.plist;
				LD_RUNPATH_SEARCH_PATHS = "$(inherited) @executable_path/Frameworks @loader_path/Frameworks";
				PRODUCT_BUNDLE_IDENTIFIER = com.samir.miraclepillsDemoTests;
				PRODUCT_NAME = "$(TARGET_NAME)";
				SWIFT_VERSION = 3.0;
				TEST_HOST = "$(BUILT_PRODUCTS_DIR)/miraclepillsDemo.app/miraclepillsDemo";
			};
			name = Debug;
		};
		39B25C581ED1A8E500C64E92 /* Release */ = {
			isa = XCBuildConfiguration;
			buildSettings = {
				ALWAYS_EMBED_SWIFT_STANDARD_LIBRARIES = YES;
				BUNDLE_LOADER = "$(TEST_HOST)";
				INFOPLIST_FILE = miraclepillsDemoTests/Info.plist;
				LD_RUNPATH_SEARCH_PATHS = "$(inherited) @executable_path/Frameworks @loader_path/Frameworks";
				PRODUCT_BUNDLE_IDENTIFIER = com.samir.miraclepillsDemoTests;
				PRODUCT_NAME = "$(TARGET_NAME)";
				SWIFT_VERSION = 3.0;
				TEST_HOST = "$(BUILT_PRODUCTS_DIR)/miraclepillsDemo.app/miraclepillsDemo";
			};
			name = Release;
		};
		39B25C5A1ED1A8E500C64E92 /* Debug */ = {
			isa = XCBuildConfiguration;
			buildSettings = {
				ALWAYS_EMBED_SWIFT_STANDARD_LIBRARIES = YES;
				INFOPLIST_FILE = miraclepillsDemoUITests/Info.plist;
				LD_RUNPATH_SEARCH_PATHS = "$(inherited) @executable_path/Frameworks @loader_path/Frameworks";
				PRODUCT_BUNDLE_IDENTIFIER = com.samir.miraclepillsDemoUITests;
				PRODUCT_NAME = "$(TARGET_NAME)";
				SWIFT_VERSION = 3.0;
				TEST_TARGET_NAME = miraclepillsDemo;
			};
			name = Debug;
		};
		39B25C5B1ED1A8E500C64E92 /* Release */ = {
			isa = XCBuildConfiguration;
			buildSettings = {
				ALWAYS_EMBED_SWIFT_STANDARD_LIBRARIES = YES;
				INFOPLIST_FILE = miraclepillsDemoUITests/Info.plist;
				LD_RUNPATH_SEARCH_PATHS = "$(inherited) @executable_path/Frameworks @loader_path/Frameworks";
				PRODUCT_BUNDLE_IDENTIFIER = com.samir.miraclepillsDemoUITests;
				PRODUCT_NAME = "$(TARGET_NAME)";
				SWIFT_VERSION = 3.0;
				TEST_TARGET_NAME = miraclepillsDemo;
			};
			name = Release;
		};
/* End XCBuildConfiguration section */

/* Begin XCConfigurationList section */
		39B25C261ED1A8E400C64E92 /* Build configuration list for PBXProject "miraclepillsDemo" */ = {
			isa = XCConfigurationList;
			buildConfigurations = (
				39B25C511ED1A8E500C64E92 /* Debug */,
				39B25C521ED1A8E500C64E92 /* Release */,
			);
			defaultConfigurationIsVisible = 0;
			defaultConfigurationName = Release;
		};
		39B25C531ED1A8E500C64E92 /* Build configuration list for PBXNativeTarget "miraclepillsDemo" */ = {
			isa = XCConfigurationList;
			buildConfigurations = (
				39B25C541ED1A8E500C64E92 /* Debug */,
				39B25C551ED1A8E500C64E92 /* Release */,
			);
			defaultConfigurationIsVisible = 0;
		};
		39B25C561ED1A8E500C64E92 /* Build configuration list for PBXNativeTarget "miraclepillsDemoTests" */ = {
			isa = XCConfigurationList;
			buildConfigurations = (
				39B25C571ED1A8E500C64E92 /* Debug */,
				39B25C581ED1A8E500C64E92 /* Release */,
			);
			defaultConfigurationIsVisible = 0;
		};
		39B25C591ED1A8E500C64E92 /* Build configuration list for PBXNativeTarget "miraclepillsDemoUITests" */ = {
			isa = XCConfigurationList;
			buildConfigurations = (
				39B25C5A1ED1A8E500C64E92 /* Debug */,
				39B25C5B1ED1A8E500C64E92 /* Release */,
			);
			defaultConfigurationIsVisible = 0;
		};
/* End XCConfigurationList section */
	};
	rootObject = 39B25C231ED1A8E400C64E92 /* Project object */;
}
